// !$*UTF8*$!
{
	archiveVersion = 1;
	classes = {
	};
	objectVersion = 46;
	objects = {

/* Begin PBXBuildFile section */
		AF54511F1EDF11EF0000C754 /* main.m in Sources */ = {isa = PBXBuildFile; fileRef = AF54511E1EDF11EF0000C754 /* main.m */; };
		AF5451221EDF11EF0000C754 /* AppDelegate.m in Sources */ = {isa = PBXBuildFile; fileRef = AF5451211EDF11EF0000C754 /* AppDelegate.m */; };
		AF5451251EDF11EF0000C754 /* ViewController.m in Sources */ = {isa = PBXBuildFile; fileRef = AF5451241EDF11EF0000C754 /* ViewController.m */; };
		AF5451281EDF11EF0000C754 /* Main.storyboard in Resources */ = {isa = PBXBuildFile; fileRef = AF5451261EDF11EF0000C754 /* Main.storyboard */; };
		AF54512A1EDF11F00000C754 /* Assets.xcassets in Resources */ = {isa = PBXBuildFile; fileRef = AF5451291EDF11F00000C754 /* Assets.xcassets */; };
		AF54512D1EDF11F00000C754 /* LaunchScreen.storyboard in Resources */ = {isa = PBXBuildFile; fileRef = AF54512B1EDF11F00000C754 /* LaunchScreen.storyboard */; };
/* End PBXBuildFile section */

/* Begin PBXFileReference section */
		AF54511A1EDF11EF0000C754 /* Gestures - Rotation.app */ = {isa = PBXFileReference; explicitFileType = wrapper.application; includeInIndex = 0; path = "Gestures - Rotation.app"; sourceTree = BUILT_PRODUCTS_DIR; };
		AF54511E1EDF11EF0000C754 /* main.m */ = {isa = PBXFileReference; lastKnownFileType = sourcecode.c.objc; path = main.m; sourceTree = "<group>"; };
		AF5451201EDF11EF0000C754 /* AppDelegate.h */ = {isa = PBXFileReference; lastKnownFileType = sourcecode.c.h; path = AppDelegate.h; sourceTree = "<group>"; };
		AF5451211EDF11EF0000C754 /* AppDelegate.m */ = {isa = PBXFileReference; lastKnownFileType = sourcecode.c.objc; path = AppDelegate.m; sourceTree = "<group>"; };
		AF5451231EDF11EF0000C754 /* ViewController.h */ = {isa = PBXFileReference; lastKnownFileType = sourcecode.c.h; path = ViewController.h; sourceTree = "<group>"; };
		AF5451241EDF11EF0000C754 /* ViewController.m */ = {isa = PBXFileReference; lastKnownFileType = sourcecode.c.objc; path = ViewController.m; sourceTree = "<group>"; };
		AF5451271EDF11EF0000C754 /* Base */ = {isa = PBXFileReference; lastKnownFileType = file.storyboard; name = Base; path = Base.lproj/Main.storyboard; sourceTree = "<group>"; };
		AF5451291EDF11F00000C754 /* Assets.xcassets */ = {isa = PBXFileReference; lastKnownFileType = folder.assetcatalog; path = Assets.xcassets; sourceTree = "<group>"; };
		AF54512C1EDF11F00000C754 /* Base */ = {isa = PBXFileReference; lastKnownFileType = file.storyboard; name = Base; path = Base.lproj/LaunchScreen.storyboard; sourceTree = "<group>"; };
		AF54512E1EDF11F00000C754 /* Info.plist */ = {isa = PBXFileReference; lastKnownFileType = text.plist.xml; path = Info.plist; sourceTree = "<group>"; };
/* End PBXFileReference section */

/* Begin PBXFrameworksBuildPhase section */
		AF5451171EDF11EF0000C754 /* Frameworks */ = {
			isa = PBXFrameworksBuildPhase;
			buildActionMask = 2147483647;
			files = (
			);
			runOnlyForDeploymentPostprocessing = 0;
		};
/* End PBXFrameworksBuildPhase section */

/* Begin PBXGroup section */
		AF5451111EDF11EF0000C754 = {
			isa = PBXGroup;
			children = (
				AF54511C1EDF11EF0000C754 /* Gestures - Rotation */,
				AF54511B1EDF11EF0000C754 /* Products */,
			);
			sourceTree = "<group>";
		};
		AF54511B1EDF11EF0000C754 /* Products */ = {
			isa = PBXGroup;
			children = (
				AF54511A1EDF11EF0000C754 /* Gestures - Rotation.app */,
			);
			name = Products;
			sourceTree = "<group>";
		};
		AF54511C1EDF11EF0000C754 /* Gestures - Rotation */ = {
			isa = PBXGroup;
			children = (
				AF5451201EDF11EF0000C754 /* AppDelegate.h */,
				AF5451211EDF11EF0000C754 /* AppDelegate.m */,
				AF5451231EDF11EF0000C754 /* ViewController.h */,
				AF5451241EDF11EF0000C754 /* ViewController.m */,
				AF5451261EDF11EF0000C754 /* Main.storyboard */,
				AF5451291EDF11F00000C754 /* Assets.xcassets */,
				AF54512B1EDF11F00000C754 /* LaunchScreen.storyboard */,
				AF54512E1EDF11F00000C754 /* Info.plist */,
				AF54511D1EDF11EF0000C754 /* Supporting Files */,
			);
			path = "Gestures - Rotation";
			sourceTree = "<group>";
		};
		AF54511D1EDF11EF0000C754 /* Supporting Files */ = {
			isa = PBXGroup;
			children = (
				AF54511E1EDF11EF0000C754 /* main.m */,
			);
			name = "Supporting Files";
			sourceTree = "<group>";
		};
/* End PBXGroup section */

/* Begin PBXNativeTarget section */
		AF5451191EDF11EF0000C754 /* Gestures - Rotation */ = {
			isa = PBXNativeTarget;
			buildConfigurationList = AF5451311EDF11F00000C754 /* Build configuration list for PBXNativeTarget "Gestures - Rotation" */;
			buildPhases = (
				AF5451161EDF11EF0000C754 /* Sources */,
				AF5451171EDF11EF0000C754 /* Frameworks */,
				AF5451181EDF11EF0000C754 /* Resources */,
			);
			buildRules = (
			);
			dependencies = (
			);
			name = "Gestures - Rotation";
			productName = "Gestures - Rotation";
			productReference = AF54511A1EDF11EF0000C754 /* Gestures - Rotation.app */;
			productType = "com.apple.product-type.application";
		};
/* End PBXNativeTarget section */

/* Begin PBXProject section */
		AF5451121EDF11EF0000C754 /* Project object */ = {
			isa = PBXProject;
			attributes = {
				LastUpgradeCheck = 0830;
				ORGANIZATIONNAME = Juda;
				TargetAttributes = {
					AF5451191EDF11EF0000C754 = {
						CreatedOnToolsVersion = 8.3.2;
						ProvisioningStyle = Automatic;
					};
				};
			};
			buildConfigurationList = AF5451151EDF11EF0000C754 /* Build configuration list for PBXProject "Gestures - Rotation" */;
			compatibilityVersion = "Xcode 3.2";
			developmentRegion = English;
			hasScannedForEncodings = 0;
			knownRegions = (
				en,
				Base,
			);
			mainGroup = AF5451111EDF11EF0000C754;
			productRefGroup = AF54511B1EDF11EF0000C754 /* Products */;
			projectDirPath = "";
			projectRoot = "";
			targets = (
				AF5451191EDF11EF0000C754 /* Gestures - Rotation */,
			);
		};
/* End PBXProject section */

/* Begin PBXResourcesBuildPhase section */
		AF5451181EDF11EF0000C754 /* Resources */ = {
			isa = PBXResourcesBuildPhase;
			buildActionMask = 2147483647;
			files = (
				AF54512D1EDF11F00000C754 /* LaunchScreen.storyboard in Resources */,
				AF54512A1EDF11F00000C754 /* Assets.xcassets in Resources */,
				AF5451281EDF11EF0000C754 /* Main.storyboard in Resources */,
			);
			runOnlyForDeploymentPostprocessing = 0;
		};
/* End PBXResourcesBuildPhase section */

/* Begin PBXSourcesBuildPhase section */
		AF5451161EDF11EF0000C754 /* Sources */ = {
			isa = PBXSourcesBuildPhase;
			buildActionMask = 2147483647;
			files = (
				AF5451251EDF11EF0000C754 /* ViewController.m in Sources */,
				AF5451221EDF11EF0000C754 /* AppDelegate.m in Sources */,
				AF54511F1EDF11EF0000C754 /* main.m in Sources */,
			);
			runOnlyForDeploymentPostprocessing = 0;
		};
/* End PBXSourcesBuildPhase section */

/* Begin PBXVariantGroup section */
		AF5451261EDF11EF0000C754 /* Main.storyboard */ = {
			isa = PBXVariantGroup;
			children = (
				AF5451271EDF11EF0000C754 /* Base */,
			);
			name = Main.storyboard;
			sourceTree = "<group>";
		};
		AF54512B1EDF11F00000C754 /* LaunchScreen.storyboard */ = {
			isa = PBXVariantGroup;
			children = (
				AF54512C1EDF11F00000C754 /* Base */,
			);
			name = LaunchScreen.storyboard;
			sourceTree = "<group>";
		};
/* End PBXVariantGroup section */

/* Begin XCBuildConfiguration section */
		AF54512F1EDF11F00000C754 /* Debug */ = {
			isa = XCBuildConfiguration;
			buildSettings = {
				ALWAYS_SEARCH_USER_PATHS = NO;
				CLANG_ANALYZER_NONNULL = YES;
				CLANG_ANALYZER_NUMBER_OBJECT_CONVERSION = YES_AGGRESSIVE;
				CLANG_CXX_LANGUAGE_STANDARD = "gnu++0x";
				CLANG_CXX_LIBRARY = "libc++";
				CLANG_ENABLE_MODULES = YES;
				CLANG_ENABLE_OBJC_ARC = YES;
				CLANG_WARN_BOOL_CONVERSION = YES;
				CLANG_WARN_CONSTANT_CONVERSION = YES;
				CLANG_WARN_DIRECT_OBJC_ISA_USAGE = YES_ERROR;
				CLANG_WARN_DOCUMENTATION_COMMENTS = YES;
				CLANG_WARN_EMPTY_BODY = YES;
				CLANG_WARN_ENUM_CONVERSION = YES;
				CLANG_WARN_INFINITE_RECURSION = YES;
				CLANG_WARN_INT_CONVERSION = YES;
				CLANG_WARN_OBJC_ROOT_CLASS = YES_ERROR;
				CLANG_WARN_SUSPICIOUS_MOVE = YES;
				CLANG_WARN_UNREACHABLE_CODE = YES;
				CLANG_WARN__DUPLICATE_METHOD_MATCH = YES;
				"CODE_SIGN_IDENTITY[sdk=iphoneos*]" = "iPhone Developer";
				COPY_PHASE_STRIP = NO;
				DEBUG_INFORMATION_FORMAT = dwarf;
				ENABLE_STRICT_OBJC_MSGSEND = YES;
				ENABLE_TESTABILITY = YES;
				GCC_C_LANGUAGE_STANDARD = gnu99;
				GCC_DYNAMIC_NO_PIC = NO;
				GCC_NO_COMMON_BLOCKS = YES;
				GCC_OPTIMIZATION_LEVEL = 0;
				GCC_PREPROCESSOR_DEFINITIONS = (
					"DEBUG=1",
					"$(inherited)",
				);
				GCC_WARN_64_TO_32_BIT_CONVERSION = YES;
				GCC_WARN_ABOUT_RETURN_TYPE = YES_ERROR;
				GCC_WARN_UNDECLARED_SELECTOR = YES;
				GCC_WARN_UNINITIALIZED_AUTOS = YES_AGGRESSIVE;
				GCC_WARN_UNUSED_FUNCTION = YES;
				GCC_WARN_UNUSED_VARIABLE = YES;
				IPHONEOS_DEPLOYMENT_TARGET = 10.3;
				MTL_ENABLE_DEBUG_INFO = YES;
				ONLY_ACTIVE_ARCH = YES;
				SDKROOT = iphoneos;
				TARGETED_DEVICE_FAMILY = "1,2";
			};
			name = Debug;
		};
		AF5451301EDF11F00000C754 /* Release */ = {
			isa = XCBuildConfiguration;
			buildSettings = {
				ALWAYS_SEARCH_USER_PATHS = NO;
				CLANG_ANALYZER_NONNULL = YES;
				CLANG_ANALYZER_NUMBER_OBJECT_CONVERSION = YES_AGGRESSIVE;
				CLANG_CXX_LANGUAGE_STANDARD = "gnu++0x";
				CLANG_CXX_LIBRARY = "libc++";
				CLANG_ENABLE_MODULES = YES;
				CLANG_ENABLE_OBJC_ARC = YES;
				CLANG_WARN_BOOL_CONVERSION = YES;
				CLANG_WARN_CONSTANT_CONVERSION = YES;
				CLANG_WARN_DIRECT_OBJC_ISA_USAGE = YES_ERROR;
				CLANG_WARN_DOCUMENTATION_COMMENTS = YES;
				CLANG_WARN_EMPTY_BODY = YES;
				CLANG_WARN_ENUM_CONVERSION = YES;
				CLANG_WARN_INFINITE_RECURSION = YES;
				CLANG_WARN_INT_CONVERSION = YES;
				CLANG_WARN_OBJC_ROOT_CLASS = YES_ERROR;
				CLANG_WARN_SUSPICIOUS_MOVE = YES;
				CLANG_WARN_UNREACHABLE_CODE = YES;
				CLANG_WARN__DUPLICATE_METHOD_MATCH = YES;
				"CODE_SIGN_IDENTITY[sdk=iphoneos*]" = "iPhone Developer";
				COPY_PHASE_STRIP = NO;
				DEBUG_INFORMATION_FORMAT = "dwarf-with-dsym";
				ENABLE_NS_ASSERTIONS = NO;
				ENABLE_STRICT_OBJC_MSGSEND = YES;
				GCC_C_LANGUAGE_STANDARD = gnu99;
				GCC_NO_COMMON_BLOCKS = YES;
				GCC_WARN_64_TO_32_BIT_CONVERSION = YES;
				GCC_WARN_ABOUT_RETURN_TYPE = YES_ERROR;
				GCC_WARN_UNDECLARED_SELECTOR = YES;
				GCC_WARN_UNINITIALIZED_AUTOS = YES_AGGRESSIVE;
				GCC_WARN_UNUSED_FUNCTION = YES;
				GCC_WARN_UNUSED_VARIABLE = YES;
				IPHONEOS_DEPLOYMENT_TARGET = 10.3;
				MTL_ENABLE_DEBUG_INFO = NO;
				SDKROOT = iphoneos;
				TARGETED_DEVICE_FAMILY = "1,2";
				VALIDATE_PRODUCT = YES;
			};
			name = Release;
		};
		AF5451321EDF11F00000C754 /* Debug */ = {
			isa = XCBuildConfiguration;
			buildSettings = {
				ASSETCATALOG_COMPILER_APPICON_NAME = AppIcon;
				INFOPLIST_FILE = "Gestures - Rotation/Info.plist";
				LD_RUNPATH_SEARCH_PATHS = "$(inherited) @executable_path/Frameworks";
				PRODUCT_BUNDLE_IDENTIFIER = "Juda.Gestures---Rotation";
				PRODUCT_NAME = "$(TARGET_NAME)";
			};
			name = Debug;
		};
		AF5451331EDF11F00000C754 /* Release */ = {
			isa = XCBuildConfiguration;
			buildSettings = {
				ASSETCATALOG_COMPILER_APPICON_NAME = AppIcon;
				INFOPLIST_FILE = "Gestures - Rotation/Info.plist";
				LD_RUNPATH_SEARCH_PATHS = "$(inherited) @executable_path/Frameworks";
				PRODUCT_BUNDLE_IDENTIFIER = "Juda.Gestures---Rotation";
				PRODUCT_NAME = "$(TARGET_NAME)";
			};
			name = Release;
		};
/* End XCBuildConfiguration section */

/* Begin XCConfigurationList section */
		AF5451151EDF11EF0000C754 /* Build configuration list for PBXProject "Gestures - Rotation" */ = {
			isa = XCConfigurationList;
			buildConfigurations = (
				AF54512F1EDF11F00000C754 /* Debug */,
				AF5451301EDF11F00000C754 /* Release */,
			);
			defaultConfigurationIsVisible = 0;
			defaultConfigurationName = Release;
		};
		AF5451311EDF11F00000C754 /* Build configuration list for PBXNativeTarget "Gestures - Rotation" */ = {
			isa = XCConfigurationList;
			buildConfigurations = (
				AF5451321EDF11F00000C754 /* Debug */,
				AF5451331EDF11F00000C754 /* Release */,
			);
			defaultConfigurationIsVisible = 0;
		};
/* End XCConfigurationList section */
	};
	rootObject = AF5451121EDF11EF0000C754 /* Project object */;
}
