// !$*UTF8*$!
{
	archiveVersion = 1;
	classes = {
	};
	objectVersion = 46;
	objects = {

/* Begin PBXBuildFile section */
		AFDD56641EAFE66D005CF1B9 /* main.m in Sources */ = {isa = PBXBuildFile; fileRef = AFDD56631EAFE66D005CF1B9 /* main.m */; };
		AFDD56671EAFE66D005CF1B9 /* AppDelegate.m in Sources */ = {isa = PBXBuildFile; fileRef = AFDD56661EAFE66D005CF1B9 /* AppDelegate.m */; };
		AFDD566A1EAFE66D005CF1B9 /* ViewController.m in Sources */ = {isa = PBXBuildFile; fileRef = AFDD56691EAFE66D005CF1B9 /* ViewController.m */; };
		AFDD566D1EAFE66D005CF1B9 /* Main.storyboard in Resources */ = {isa = PBXBuildFile; fileRef = AFDD566B1EAFE66D005CF1B9 /* Main.storyboard */; };
		AFDD566F1EAFE66D005CF1B9 /* Assets.xcassets in Resources */ = {isa = PBXBuildFile; fileRef = AFDD566E1EAFE66D005CF1B9 /* Assets.xcassets */; };
		AFDD56721EAFE66D005CF1B9 /* LaunchScreen.storyboard in Resources */ = {isa = PBXBuildFile; fileRef = AFDD56701EAFE66D005CF1B9 /* LaunchScreen.storyboard */; };
/* End PBXBuildFile section */

/* Begin PBXFileReference section */
		AFDD565F1EAFE66D005CF1B9 /* Buttons and Labels.app */ = {isa = PBXFileReference; explicitFileType = wrapper.application; includeInIndex = 0; path = "Buttons and Labels.app"; sourceTree = BUILT_PRODUCTS_DIR; };
		AFDD56631EAFE66D005CF1B9 /* main.m */ = {isa = PBXFileReference; lastKnownFileType = sourcecode.c.objc; path = main.m; sourceTree = "<group>"; };
		AFDD56651EAFE66D005CF1B9 /* AppDelegate.h */ = {isa = PBXFileReference; lastKnownFileType = sourcecode.c.h; path = AppDelegate.h; sourceTree = "<group>"; };
		AFDD56661EAFE66D005CF1B9 /* AppDelegate.m */ = {isa = PBXFileReference; lastKnownFileType = sourcecode.c.objc; path = AppDelegate.m; sourceTree = "<group>"; };
		AFDD56681EAFE66D005CF1B9 /* ViewController.h */ = {isa = PBXFileReference; lastKnownFileType = sourcecode.c.h; path = ViewController.h; sourceTree = "<group>"; };
		AFDD56691EAFE66D005CF1B9 /* ViewController.m */ = {isa = PBXFileReference; lastKnownFileType = sourcecode.c.objc; path = ViewController.m; sourceTree = "<group>"; };
		AFDD566C1EAFE66D005CF1B9 /* Base */ = {isa = PBXFileReference; lastKnownFileType = file.storyboard; name = Base; path = Base.lproj/Main.storyboard; sourceTree = "<group>"; };
		AFDD566E1EAFE66D005CF1B9 /* Assets.xcassets */ = {isa = PBXFileReference; lastKnownFileType = folder.assetcatalog; path = Assets.xcassets; sourceTree = "<group>"; };
		AFDD56711EAFE66D005CF1B9 /* Base */ = {isa = PBXFileReference; lastKnownFileType = file.storyboard; name = Base; path = Base.lproj/LaunchScreen.storyboard; sourceTree = "<group>"; };
		AFDD56731EAFE66D005CF1B9 /* Info.plist */ = {isa = PBXFileReference; lastKnownFileType = text.plist.xml; path = Info.plist; sourceTree = "<group>"; };
/* End PBXFileReference section */

/* Begin PBXFrameworksBuildPhase section */
		AFDD565C1EAFE66D005CF1B9 /* Frameworks */ = {
			isa = PBXFrameworksBuildPhase;
			buildActionMask = 2147483647;
			files = (
			);
			runOnlyForDeploymentPostprocessing = 0;
		};
/* End PBXFrameworksBuildPhase section */

/* Begin PBXGroup section */
		AFDD56561EAFE66D005CF1B9 = {
			isa = PBXGroup;
			children = (
				AFDD56611EAFE66D005CF1B9 /* Buttons and Labels */,
				AFDD56601EAFE66D005CF1B9 /* Products */,
			);
			sourceTree = "<group>";
		};
		AFDD56601EAFE66D005CF1B9 /* Products */ = {
			isa = PBXGroup;
			children = (
				AFDD565F1EAFE66D005CF1B9 /* Buttons and Labels.app */,
			);
			name = Products;
			sourceTree = "<group>";
		};
		AFDD56611EAFE66D005CF1B9 /* Buttons and Labels */ = {
			isa = PBXGroup;
			children = (
				AFDD56651EAFE66D005CF1B9 /* AppDelegate.h */,
				AFDD56661EAFE66D005CF1B9 /* AppDelegate.m */,
				AFDD56681EAFE66D005CF1B9 /* ViewController.h */,
				AFDD56691EAFE66D005CF1B9 /* ViewController.m */,
				AFDD566B1EAFE66D005CF1B9 /* Main.storyboard */,
				AFDD566E1EAFE66D005CF1B9 /* Assets.xcassets */,
				AFDD56701EAFE66D005CF1B9 /* LaunchScreen.storyboard */,
				AFDD56731EAFE66D005CF1B9 /* Info.plist */,
				AFDD56621EAFE66D005CF1B9 /* Supporting Files */,
			);
			path = "Buttons and Labels";
			sourceTree = "<group>";
		};
		AFDD56621EAFE66D005CF1B9 /* Supporting Files */ = {
			isa = PBXGroup;
			children = (
				AFDD56631EAFE66D005CF1B9 /* main.m */,
			);
			name = "Supporting Files";
			sourceTree = "<group>";
		};
/* End PBXGroup section */

/* Begin PBXNativeTarget section */
		AFDD565E1EAFE66D005CF1B9 /* Buttons and Labels */ = {
			isa = PBXNativeTarget;
			buildConfigurationList = AFDD56761EAFE66D005CF1B9 /* Build configuration list for PBXNativeTarget "Buttons and Labels" */;
			buildPhases = (
				AFDD565B1EAFE66D005CF1B9 /* Sources */,
				AFDD565C1EAFE66D005CF1B9 /* Frameworks */,
				AFDD565D1EAFE66D005CF1B9 /* Resources */,
			);
			buildRules = (
			);
			dependencies = (
			);
			name = "Buttons and Labels";
			productName = "Buttons and Labels";
			productReference = AFDD565F1EAFE66D005CF1B9 /* Buttons and Labels.app */;
			productType = "com.apple.product-type.application";
		};
/* End PBXNativeTarget section */

/* Begin PBXProject section */
		AFDD56571EAFE66D005CF1B9 /* Project object */ = {
			isa = PBXProject;
			attributes = {
				LastUpgradeCheck = 0830;
				ORGANIZATIONNAME = Juda;
				TargetAttributes = {
					AFDD565E1EAFE66D005CF1B9 = {
						CreatedOnToolsVersion = 8.3.2;
						ProvisioningStyle = Automatic;
					};
				};
			};
			buildConfigurationList = AFDD565A1EAFE66D005CF1B9 /* Build configuration list for PBXProject "Buttons and Labels" */;
			compatibilityVersion = "Xcode 3.2";
			developmentRegion = English;
			hasScannedForEncodings = 0;
			knownRegions = (
				en,
				Base,
			);
			mainGroup = AFDD56561EAFE66D005CF1B9;
			productRefGroup = AFDD56601EAFE66D005CF1B9 /* Products */;
			projectDirPath = "";
			projectRoot = "";
			targets = (
				AFDD565E1EAFE66D005CF1B9 /* Buttons and Labels */,
			);
		};
/* End PBXProject section */

/* Begin PBXResourcesBuildPhase section */
		AFDD565D1EAFE66D005CF1B9 /* Resources */ = {
			isa = PBXResourcesBuildPhase;
			buildActionMask = 2147483647;
			files = (
				AFDD56721EAFE66D005CF1B9 /* LaunchScreen.storyboard in Resources */,
				AFDD566F1EAFE66D005CF1B9 /* Assets.xcassets in Resources */,
				AFDD566D1EAFE66D005CF1B9 /* Main.storyboard in Resources */,
			);
			runOnlyForDeploymentPostprocessing = 0;
		};
/* End PBXResourcesBuildPhase section */

/* Begin PBXSourcesBuildPhase section */
		AFDD565B1EAFE66D005CF1B9 /* Sources */ = {
			isa = PBXSourcesBuildPhase;
			buildActionMask = 2147483647;
			files = (
				AFDD566A1EAFE66D005CF1B9 /* ViewController.m in Sources */,
				AFDD56671EAFE66D005CF1B9 /* AppDelegate.m in Sources */,
				AFDD56641EAFE66D005CF1B9 /* main.m in Sources */,
			);
			runOnlyForDeploymentPostprocessing = 0;
		};
/* End PBXSourcesBuildPhase section */

/* Begin PBXVariantGroup section */
		AFDD566B1EAFE66D005CF1B9 /* Main.storyboard */ = {
			isa = PBXVariantGroup;
			children = (
				AFDD566C1EAFE66D005CF1B9 /* Base */,
			);
			name = Main.storyboard;
			sourceTree = "<group>";
		};
		AFDD56701EAFE66D005CF1B9 /* LaunchScreen.storyboard */ = {
			isa = PBXVariantGroup;
			children = (
				AFDD56711EAFE66D005CF1B9 /* Base */,
			);
			name = LaunchScreen.storyboard;
			sourceTree = "<group>";
		};
/* End PBXVariantGroup section */

/* Begin XCBuildConfiguration section */
		AFDD56741EAFE66D005CF1B9 /* Debug */ = {
			isa = XCBuildConfiguration;
			buildSettings = {
				ALWAYS_SEARCH_USER_PATHS = NO;
				CLANG_ANALYZER_NONNULL = YES;
				CLANG_ANALYZER_NUMBER_OBJECT_CONVERSION = YES_AGGRESSIVE;
				CLANG_CXX_LANGUAGE_STANDARD = "gnu++0x";
				CLANG_CXX_LIBRARY = "libc++";
				CLANG_ENABLE_MODULES = YES;
				CLANG_ENABLE_OBJC_ARC = YES;
				CLANG_WARN_BOOL_CONVERSION = YES;
				CLANG_WARN_CONSTANT_CONVERSION = YES;
				CLANG_WARN_DIRECT_OBJC_ISA_USAGE = YES_ERROR;
				CLANG_WARN_DOCUMENTATION_COMMENTS = YES;
				CLANG_WARN_EMPTY_BODY = YES;
				CLANG_WARN_ENUM_CONVERSION = YES;
				CLANG_WARN_INFINITE_RECURSION = YES;
				CLANG_WARN_INT_CONVERSION = YES;
				CLANG_WARN_OBJC_ROOT_CLASS = YES_ERROR;
				CLANG_WARN_SUSPICIOUS_MOVE = YES;
				CLANG_WARN_UNREACHABLE_CODE = YES;
				CLANG_WARN__DUPLICATE_METHOD_MATCH = YES;
				"CODE_SIGN_IDENTITY[sdk=iphoneos*]" = "iPhone Developer";
				COPY_PHASE_STRIP = NO;
				DEBUG_INFORMATION_FORMAT = dwarf;
				ENABLE_STRICT_OBJC_MSGSEND = YES;
				ENABLE_TESTABILITY = YES;
				GCC_C_LANGUAGE_STANDARD = gnu99;
				GCC_DYNAMIC_NO_PIC = NO;
				GCC_NO_COMMON_BLOCKS = YES;
				GCC_OPTIMIZATION_LEVEL = 0;
				GCC_PREPROCESSOR_DEFINITIONS = (
					"DEBUG=1",
					"$(inherited)",
				);
				GCC_WARN_64_TO_32_BIT_CONVERSION = YES;
				GCC_WARN_ABOUT_RETURN_TYPE = YES_ERROR;
				GCC_WARN_UNDECLARED_SELECTOR = YES;
				GCC_WARN_UNINITIALIZED_AUTOS = YES_AGGRESSIVE;
				GCC_WARN_UNUSED_FUNCTION = YES;
				GCC_WARN_UNUSED_VARIABLE = YES;
				IPHONEOS_DEPLOYMENT_TARGET = 10.3;
				MTL_ENABLE_DEBUG_INFO = YES;
				ONLY_ACTIVE_ARCH = YES;
				SDKROOT = iphoneos;
				TARGETED_DEVICE_FAMILY = "1,2";
			};
			name = Debug;
		};
		AFDD56751EAFE66D005CF1B9 /* Release */ = {
			isa = XCBuildConfiguration;
			buildSettings = {
				ALWAYS_SEARCH_USER_PATHS = NO;
				CLANG_ANALYZER_NONNULL = YES;
				CLANG_ANALYZER_NUMBER_OBJECT_CONVERSION = YES_AGGRESSIVE;
				CLANG_CXX_LANGUAGE_STANDARD = "gnu++0x";
				CLANG_CXX_LIBRARY = "libc++";
				CLANG_ENABLE_MODULES = YES;
				CLANG_ENABLE_OBJC_ARC = YES;
				CLANG_WARN_BOOL_CONVERSION = YES;
				CLANG_WARN_CONSTANT_CONVERSION = YES;
				CLANG_WARN_DIRECT_OBJC_ISA_USAGE = YES_ERROR;
				CLANG_WARN_DOCUMENTATION_COMMENTS = YES;
				CLANG_WARN_EMPTY_BODY = YES;
				CLANG_WARN_ENUM_CONVERSION = YES;
				CLANG_WARN_INFINITE_RECURSION = YES;
				CLANG_WARN_INT_CONVERSION = YES;
				CLANG_WARN_OBJC_ROOT_CLASS = YES_ERROR;
				CLANG_WARN_SUSPICIOUS_MOVE = YES;
				CLANG_WARN_UNREACHABLE_CODE = YES;
				CLANG_WARN__DUPLICATE_METHOD_MATCH = YES;
				"CODE_SIGN_IDENTITY[sdk=iphoneos*]" = "iPhone Developer";
				COPY_PHASE_STRIP = NO;
				DEBUG_INFORMATION_FORMAT = "dwarf-with-dsym";
				ENABLE_NS_ASSERTIONS = NO;
				ENABLE_STRICT_OBJC_MSGSEND = YES;
				GCC_C_LANGUAGE_STANDARD = gnu99;
				GCC_NO_COMMON_BLOCKS = YES;
				GCC_WARN_64_TO_32_BIT_CONVERSION = YES;
				GCC_WARN_ABOUT_RETURN_TYPE = YES_ERROR;
				GCC_WARN_UNDECLARED_SELECTOR = YES;
				GCC_WARN_UNINITIALIZED_AUTOS = YES_AGGRESSIVE;
				GCC_WARN_UNUSED_FUNCTION = YES;
				GCC_WARN_UNUSED_VARIABLE = YES;
				IPHONEOS_DEPLOYMENT_TARGET = 10.3;
				MTL_ENABLE_DEBUG_INFO = NO;
				SDKROOT = iphoneos;
				TARGETED_DEVICE_FAMILY = "1,2";
				VALIDATE_PRODUCT = YES;
			};
			name = Release;
		};
		AFDD56771EAFE66D005CF1B9 /* Debug */ = {
			isa = XCBuildConfiguration;
			buildSettings = {
				ASSETCATALOG_COMPILER_APPICON_NAME = AppIcon;
				INFOPLIST_FILE = "Buttons and Labels/Info.plist";
				LD_RUNPATH_SEARCH_PATHS = "$(inherited) @executable_path/Frameworks";
				PRODUCT_BUNDLE_IDENTIFIER = "Juda.Buttons-and-Labels";
				PRODUCT_NAME = "$(TARGET_NAME)";
			};
			name = Debug;
		};
		AFDD56781EAFE66D005CF1B9 /* Release */ = {
			isa = XCBuildConfiguration;
			buildSettings = {
				ASSETCATALOG_COMPILER_APPICON_NAME = AppIcon;
				INFOPLIST_FILE = "Buttons and Labels/Info.plist";
				LD_RUNPATH_SEARCH_PATHS = "$(inherited) @executable_path/Frameworks";
				PRODUCT_BUNDLE_IDENTIFIER = "Juda.Buttons-and-Labels";
				PRODUCT_NAME = "$(TARGET_NAME)";
			};
			name = Release;
		};
/* End XCBuildConfiguration section */

/* Begin XCConfigurationList section */
		AFDD565A1EAFE66D005CF1B9 /* Build configuration list for PBXProject "Buttons and Labels" */ = {
			isa = XCConfigurationList;
			buildConfigurations = (
				AFDD56741EAFE66D005CF1B9 /* Debug */,
				AFDD56751EAFE66D005CF1B9 /* Release */,
			);
			defaultConfigurationIsVisible = 0;
			defaultConfigurationName = Release;
		};
		AFDD56761EAFE66D005CF1B9 /* Build configuration list for PBXNativeTarget "Buttons and Labels" */ = {
			isa = XCConfigurationList;
			buildConfigurations = (
				AFDD56771EAFE66D005CF1B9 /* Debug */,
				AFDD56781EAFE66D005CF1B9 /* Release */,
			);
			defaultConfigurationIsVisible = 0;
		};
/* End XCConfigurationList section */
	};
	rootObject = AFDD56571EAFE66D005CF1B9 /* Project object */;
}
