// !$*UTF8*$!
{
	archiveVersion = 1;
	classes = {
	};
	objectVersion = 46;
	objects = {

/* Begin PBXBuildFile section */
		AF2C8D051EBDE6380075BFAA /* main.m in Sources */ = {isa = PBXBuildFile; fileRef = AF2C8D041EBDE6380075BFAA /* main.m */; };
		AF2C8D081EBDE6380075BFAA /* AppDelegate.m in Sources */ = {isa = PBXBuildFile; fileRef = AF2C8D071EBDE6380075BFAA /* AppDelegate.m */; };
		AF2C8D0B1EBDE6380075BFAA /* ViewController.m in Sources */ = {isa = PBXBuildFile; fileRef = AF2C8D0A1EBDE6380075BFAA /* ViewController.m */; };
		AF2C8D0E1EBDE6380075BFAA /* Main.storyboard in Resources */ = {isa = PBXBuildFile; fileRef = AF2C8D0C1EBDE6380075BFAA /* Main.storyboard */; };
		AF2C8D101EBDE6380075BFAA /* Assets.xcassets in Resources */ = {isa = PBXBuildFile; fileRef = AF2C8D0F1EBDE6380075BFAA /* Assets.xcassets */; };
		AF2C8D131EBDE6380075BFAA /* LaunchScreen.storyboard in Resources */ = {isa = PBXBuildFile; fileRef = AF2C8D111EBDE6380075BFAA /* LaunchScreen.storyboard */; };
		AF2C8D1C1EBE00B50075BFAA /* Calendar.m in Sources */ = {isa = PBXBuildFile; fileRef = AF2C8D1B1EBE00B50075BFAA /* Calendar.m */; };
		AF2C8D201EBE07440075BFAA /* PickerView.m in Sources */ = {isa = PBXBuildFile; fileRef = AF2C8D1F1EBE07440075BFAA /* PickerView.m */; };
/* End PBXBuildFile section */

/* Begin PBXFileReference section */
		AF2C8D001EBDE6380075BFAA /* My Date Picker.app */ = {isa = PBXFileReference; explicitFileType = wrapper.application; includeInIndex = 0; path = "My Date Picker.app"; sourceTree = BUILT_PRODUCTS_DIR; };
		AF2C8D041EBDE6380075BFAA /* main.m */ = {isa = PBXFileReference; lastKnownFileType = sourcecode.c.objc; path = main.m; sourceTree = "<group>"; };
		AF2C8D061EBDE6380075BFAA /* AppDelegate.h */ = {isa = PBXFileReference; lastKnownFileType = sourcecode.c.h; path = AppDelegate.h; sourceTree = "<group>"; };
		AF2C8D071EBDE6380075BFAA /* AppDelegate.m */ = {isa = PBXFileReference; lastKnownFileType = sourcecode.c.objc; path = AppDelegate.m; sourceTree = "<group>"; };
		AF2C8D091EBDE6380075BFAA /* ViewController.h */ = {isa = PBXFileReference; lastKnownFileType = sourcecode.c.h; path = ViewController.h; sourceTree = "<group>"; };
		AF2C8D0A1EBDE6380075BFAA /* ViewController.m */ = {isa = PBXFileReference; lastKnownFileType = sourcecode.c.objc; path = ViewController.m; sourceTree = "<group>"; };
		AF2C8D0D1EBDE6380075BFAA /* Base */ = {isa = PBXFileReference; lastKnownFileType = file.storyboard; name = Base; path = Base.lproj/Main.storyboard; sourceTree = "<group>"; };
		AF2C8D0F1EBDE6380075BFAA /* Assets.xcassets */ = {isa = PBXFileReference; lastKnownFileType = folder.assetcatalog; path = Assets.xcassets; sourceTree = "<group>"; };
		AF2C8D121EBDE6380075BFAA /* Base */ = {isa = PBXFileReference; lastKnownFileType = file.storyboard; name = Base; path = Base.lproj/LaunchScreen.storyboard; sourceTree = "<group>"; };
		AF2C8D141EBDE6380075BFAA /* Info.plist */ = {isa = PBXFileReference; lastKnownFileType = text.plist.xml; path = Info.plist; sourceTree = "<group>"; };
		AF2C8D1A1EBE00A10075BFAA /* Calendar.h */ = {isa = PBXFileReference; lastKnownFileType = sourcecode.c.h; path = Calendar.h; sourceTree = "<group>"; };
		AF2C8D1B1EBE00B50075BFAA /* Calendar.m */ = {isa = PBXFileReference; fileEncoding = 4; lastKnownFileType = sourcecode.c.objc; path = Calendar.m; sourceTree = "<group>"; };
		AF2C8D1E1EBE071C0075BFAA /* PickerView.h */ = {isa = PBXFileReference; lastKnownFileType = sourcecode.c.h; path = PickerView.h; sourceTree = "<group>"; };
		AF2C8D1F1EBE07440075BFAA /* PickerView.m */ = {isa = PBXFileReference; fileEncoding = 4; lastKnownFileType = sourcecode.c.objc; path = PickerView.m; sourceTree = "<group>"; };
/* End PBXFileReference section */

/* Begin PBXFrameworksBuildPhase section */
		AF2C8CFD1EBDE6380075BFAA /* Frameworks */ = {
			isa = PBXFrameworksBuildPhase;
			buildActionMask = 2147483647;
			files = (
			);
			runOnlyForDeploymentPostprocessing = 0;
		};
/* End PBXFrameworksBuildPhase section */

/* Begin PBXGroup section */
		AF2C8CF71EBDE6380075BFAA = {
			isa = PBXGroup;
			children = (
				AF2C8D021EBDE6380075BFAA /* My Date Picker */,
				AF2C8D011EBDE6380075BFAA /* Products */,
			);
			sourceTree = "<group>";
		};
		AF2C8D011EBDE6380075BFAA /* Products */ = {
			isa = PBXGroup;
			children = (
				AF2C8D001EBDE6380075BFAA /* My Date Picker.app */,
			);
			name = Products;
			sourceTree = "<group>";
		};
		AF2C8D021EBDE6380075BFAA /* My Date Picker */ = {
			isa = PBXGroup;
			children = (
				AF2C8D061EBDE6380075BFAA /* AppDelegate.h */,
				AF2C8D071EBDE6380075BFAA /* AppDelegate.m */,
				AF2C8D1A1EBE00A10075BFAA /* Calendar.h */,
				AF2C8D1B1EBE00B50075BFAA /* Calendar.m */,
				AF2C8D1E1EBE071C0075BFAA /* PickerView.h */,
				AF2C8D1F1EBE07440075BFAA /* PickerView.m */,
				AF2C8D091EBDE6380075BFAA /* ViewController.h */,
				AF2C8D0A1EBDE6380075BFAA /* ViewController.m */,
				AF2C8D0C1EBDE6380075BFAA /* Main.storyboard */,
				AF2C8D0F1EBDE6380075BFAA /* Assets.xcassets */,
				AF2C8D111EBDE6380075BFAA /* LaunchScreen.storyboard */,
				AF2C8D141EBDE6380075BFAA /* Info.plist */,
				AF2C8D031EBDE6380075BFAA /* Supporting Files */,
			);
			path = "My Date Picker";
			sourceTree = "<group>";
		};
		AF2C8D031EBDE6380075BFAA /* Supporting Files */ = {
			isa = PBXGroup;
			children = (
				AF2C8D041EBDE6380075BFAA /* main.m */,
			);
			name = "Supporting Files";
			sourceTree = "<group>";
		};
/* End PBXGroup section */

/* Begin PBXNativeTarget section */
		AF2C8CFF1EBDE6380075BFAA /* My Date Picker */ = {
			isa = PBXNativeTarget;
			buildConfigurationList = AF2C8D171EBDE6380075BFAA /* Build configuration list for PBXNativeTarget "My Date Picker" */;
			buildPhases = (
				AF2C8CFC1EBDE6380075BFAA /* Sources */,
				AF2C8CFD1EBDE6380075BFAA /* Frameworks */,
				AF2C8CFE1EBDE6380075BFAA /* Resources */,
			);
			buildRules = (
			);
			dependencies = (
			);
			name = "My Date Picker";
			productName = "My Date Picker";
			productReference = AF2C8D001EBDE6380075BFAA /* My Date Picker.app */;
			productType = "com.apple.product-type.application";
		};
/* End PBXNativeTarget section */

/* Begin PBXProject section */
		AF2C8CF81EBDE6380075BFAA /* Project object */ = {
			isa = PBXProject;
			attributes = {
				LastUpgradeCheck = 0830;
				ORGANIZATIONNAME = Juda;
				TargetAttributes = {
					AF2C8CFF1EBDE6380075BFAA = {
						CreatedOnToolsVersion = 8.3.2;
						ProvisioningStyle = Automatic;
					};
				};
			};
			buildConfigurationList = AF2C8CFB1EBDE6380075BFAA /* Build configuration list for PBXProject "My Date Picker" */;
			compatibilityVersion = "Xcode 3.2";
			developmentRegion = English;
			hasScannedForEncodings = 0;
			knownRegions = (
				en,
				Base,
			);
			mainGroup = AF2C8CF71EBDE6380075BFAA;
			productRefGroup = AF2C8D011EBDE6380075BFAA /* Products */;
			projectDirPath = "";
			projectRoot = "";
			targets = (
				AF2C8CFF1EBDE6380075BFAA /* My Date Picker */,
			);
		};
/* End PBXProject section */

/* Begin PBXResourcesBuildPhase section */
		AF2C8CFE1EBDE6380075BFAA /* Resources */ = {
			isa = PBXResourcesBuildPhase;
			buildActionMask = 2147483647;
			files = (
				AF2C8D131EBDE6380075BFAA /* LaunchScreen.storyboard in Resources */,
				AF2C8D101EBDE6380075BFAA /* Assets.xcassets in Resources */,
				AF2C8D0E1EBDE6380075BFAA /* Main.storyboard in Resources */,
			);
			runOnlyForDeploymentPostprocessing = 0;
		};
/* End PBXResourcesBuildPhase section */

/* Begin PBXSourcesBuildPhase section */
		AF2C8CFC1EBDE6380075BFAA /* Sources */ = {
			isa = PBXSourcesBuildPhase;
			buildActionMask = 2147483647;
			files = (
				AF2C8D0B1EBDE6380075BFAA /* ViewController.m in Sources */,
				AF2C8D081EBDE6380075BFAA /* AppDelegate.m in Sources */,
				AF2C8D051EBDE6380075BFAA /* main.m in Sources */,
				AF2C8D1C1EBE00B50075BFAA /* Calendar.m in Sources */,
				AF2C8D201EBE07440075BFAA /* PickerView.m in Sources */,
			);
			runOnlyForDeploymentPostprocessing = 0;
		};
/* End PBXSourcesBuildPhase section */

/* Begin PBXVariantGroup section */
		AF2C8D0C1EBDE6380075BFAA /* Main.storyboard */ = {
			isa = PBXVariantGroup;
			children = (
				AF2C8D0D1EBDE6380075BFAA /* Base */,
			);
			name = Main.storyboard;
			sourceTree = "<group>";
		};
		AF2C8D111EBDE6380075BFAA /* LaunchScreen.storyboard */ = {
			isa = PBXVariantGroup;
			children = (
				AF2C8D121EBDE6380075BFAA /* Base */,
			);
			name = LaunchScreen.storyboard;
			sourceTree = "<group>";
		};
/* End PBXVariantGroup section */

/* Begin XCBuildConfiguration section */
		AF2C8D151EBDE6380075BFAA /* Debug */ = {
			isa = XCBuildConfiguration;
			buildSettings = {
				ALWAYS_SEARCH_USER_PATHS = NO;
				CLANG_ANALYZER_NONNULL = YES;
				CLANG_ANALYZER_NUMBER_OBJECT_CONVERSION = YES_AGGRESSIVE;
				CLANG_CXX_LANGUAGE_STANDARD = "gnu++0x";
				CLANG_CXX_LIBRARY = "libc++";
				CLANG_ENABLE_MODULES = YES;
				CLANG_ENABLE_OBJC_ARC = YES;
				CLANG_WARN_BOOL_CONVERSION = YES;
				CLANG_WARN_CONSTANT_CONVERSION = YES;
				CLANG_WARN_DIRECT_OBJC_ISA_USAGE = YES_ERROR;
				CLANG_WARN_DOCUMENTATION_COMMENTS = YES;
				CLANG_WARN_EMPTY_BODY = YES;
				CLANG_WARN_ENUM_CONVERSION = YES;
				CLANG_WARN_INFINITE_RECURSION = YES;
				CLANG_WARN_INT_CONVERSION = YES;
				CLANG_WARN_OBJC_ROOT_CLASS = YES_ERROR;
				CLANG_WARN_SUSPICIOUS_MOVE = YES;
				CLANG_WARN_UNREACHABLE_CODE = YES;
				CLANG_WARN__DUPLICATE_METHOD_MATCH = YES;
				"CODE_SIGN_IDENTITY[sdk=iphoneos*]" = "iPhone Developer";
				COPY_PHASE_STRIP = NO;
				DEBUG_INFORMATION_FORMAT = dwarf;
				ENABLE_STRICT_OBJC_MSGSEND = YES;
				ENABLE_TESTABILITY = YES;
				GCC_C_LANGUAGE_STANDARD = gnu99;
				GCC_DYNAMIC_NO_PIC = NO;
				GCC_NO_COMMON_BLOCKS = YES;
				GCC_OPTIMIZATION_LEVEL = 0;
				GCC_PREPROCESSOR_DEFINITIONS = (
					"DEBUG=1",
					"$(inherited)",
				);
				GCC_WARN_64_TO_32_BIT_CONVERSION = YES;
				GCC_WARN_ABOUT_RETURN_TYPE = YES_ERROR;
				GCC_WARN_UNDECLARED_SELECTOR = YES;
				GCC_WARN_UNINITIALIZED_AUTOS = YES_AGGRESSIVE;
				GCC_WARN_UNUSED_FUNCTION = YES;
				GCC_WARN_UNUSED_VARIABLE = YES;
				IPHONEOS_DEPLOYMENT_TARGET = 10.3;
				MTL_ENABLE_DEBUG_INFO = YES;
				ONLY_ACTIVE_ARCH = YES;
				SDKROOT = iphoneos;
				TARGETED_DEVICE_FAMILY = "1,2";
			};
			name = Debug;
		};
		AF2C8D161EBDE6380075BFAA /* Release */ = {
			isa = XCBuildConfiguration;
			buildSettings = {
				ALWAYS_SEARCH_USER_PATHS = NO;
				CLANG_ANALYZER_NONNULL = YES;
				CLANG_ANALYZER_NUMBER_OBJECT_CONVERSION = YES_AGGRESSIVE;
				CLANG_CXX_LANGUAGE_STANDARD = "gnu++0x";
				CLANG_CXX_LIBRARY = "libc++";
				CLANG_ENABLE_MODULES = YES;
				CLANG_ENABLE_OBJC_ARC = YES;
				CLANG_WARN_BOOL_CONVERSION = YES;
				CLANG_WARN_CONSTANT_CONVERSION = YES;
				CLANG_WARN_DIRECT_OBJC_ISA_USAGE = YES_ERROR;
				CLANG_WARN_DOCUMENTATION_COMMENTS = YES;
				CLANG_WARN_EMPTY_BODY = YES;
				CLANG_WARN_ENUM_CONVERSION = YES;
				CLANG_WARN_INFINITE_RECURSION = YES;
				CLANG_WARN_INT_CONVERSION = YES;
				CLANG_WARN_OBJC_ROOT_CLASS = YES_ERROR;
				CLANG_WARN_SUSPICIOUS_MOVE = YES;
				CLANG_WARN_UNREACHABLE_CODE = YES;
				CLANG_WARN__DUPLICATE_METHOD_MATCH = YES;
				"CODE_SIGN_IDENTITY[sdk=iphoneos*]" = "iPhone Developer";
				COPY_PHASE_STRIP = NO;
				DEBUG_INFORMATION_FORMAT = "dwarf-with-dsym";
				ENABLE_NS_ASSERTIONS = NO;
				ENABLE_STRICT_OBJC_MSGSEND = YES;
				GCC_C_LANGUAGE_STANDARD = gnu99;
				GCC_NO_COMMON_BLOCKS = YES;
				GCC_WARN_64_TO_32_BIT_CONVERSION = YES;
				GCC_WARN_ABOUT_RETURN_TYPE = YES_ERROR;
				GCC_WARN_UNDECLARED_SELECTOR = YES;
				GCC_WARN_UNINITIALIZED_AUTOS = YES_AGGRESSIVE;
				GCC_WARN_UNUSED_FUNCTION = YES;
				GCC_WARN_UNUSED_VARIABLE = YES;
				IPHONEOS_DEPLOYMENT_TARGET = 10.3;
				MTL_ENABLE_DEBUG_INFO = NO;
				SDKROOT = iphoneos;
				TARGETED_DEVICE_FAMILY = "1,2";
				VALIDATE_PRODUCT = YES;
			};
			name = Release;
		};
		AF2C8D181EBDE6380075BFAA /* Debug */ = {
			isa = XCBuildConfiguration;
			buildSettings = {
				ASSETCATALOG_COMPILER_APPICON_NAME = AppIcon;
				INFOPLIST_FILE = "My Date Picker/Info.plist";
				LD_RUNPATH_SEARCH_PATHS = "$(inherited) @executable_path/Frameworks";
				PRODUCT_BUNDLE_IDENTIFIER = "Juda.My-Date-Picker";
				PRODUCT_NAME = "$(TARGET_NAME)";
			};
			name = Debug;
		};
		AF2C8D191EBDE6380075BFAA /* Release */ = {
			isa = XCBuildConfiguration;
			buildSettings = {
				ASSETCATALOG_COMPILER_APPICON_NAME = AppIcon;
				INFOPLIST_FILE = "My Date Picker/Info.plist";
				LD_RUNPATH_SEARCH_PATHS = "$(inherited) @executable_path/Frameworks";
				PRODUCT_BUNDLE_IDENTIFIER = "Juda.My-Date-Picker";
				PRODUCT_NAME = "$(TARGET_NAME)";
			};
			name = Release;
		};
/* End XCBuildConfiguration section */

/* Begin XCConfigurationList section */
		AF2C8CFB1EBDE6380075BFAA /* Build configuration list for PBXProject "My Date Picker" */ = {
			isa = XCConfigurationList;
			buildConfigurations = (
				AF2C8D151EBDE6380075BFAA /* Debug */,
				AF2C8D161EBDE6380075BFAA /* Release */,
			);
			defaultConfigurationIsVisible = 0;
			defaultConfigurationName = Release;
		};
		AF2C8D171EBDE6380075BFAA /* Build configuration list for PBXNativeTarget "My Date Picker" */ = {
			isa = XCConfigurationList;
			buildConfigurations = (
				AF2C8D181EBDE6380075BFAA /* Debug */,
				AF2C8D191EBDE6380075BFAA /* Release */,
			);
			defaultConfigurationIsVisible = 0;
		};
/* End XCConfigurationList section */
	};
	rootObject = AF2C8CF81EBDE6380075BFAA /* Project object */;
}
