// !$*UTF8*$!
{
	archiveVersion = 1;
	classes = {
	};
	objectVersion = 46;
	objects = {

/* Begin PBXBuildFile section */
		AF905C8F1ECF06D5004C2A82 /* main.m in Sources */ = {isa = PBXBuildFile; fileRef = AF905C8E1ECF06D5004C2A82 /* main.m */; };
		AF905C921ECF06D5004C2A82 /* AppDelegate.m in Sources */ = {isa = PBXBuildFile; fileRef = AF905C911ECF06D5004C2A82 /* AppDelegate.m */; };
		AF905C951ECF06D5004C2A82 /* ViewController.m in Sources */ = {isa = PBXBuildFile; fileRef = AF905C941ECF06D5004C2A82 /* ViewController.m */; };
		AF905C981ECF06D5004C2A82 /* Main.storyboard in Resources */ = {isa = PBXBuildFile; fileRef = AF905C961ECF06D5004C2A82 /* Main.storyboard */; };
		AF905C9A1ECF06D5004C2A82 /* Assets.xcassets in Resources */ = {isa = PBXBuildFile; fileRef = AF905C991ECF06D5004C2A82 /* Assets.xcassets */; };
		AF905C9D1ECF06D5004C2A82 /* LaunchScreen.storyboard in Resources */ = {isa = PBXBuildFile; fileRef = AF905C9B1ECF06D5004C2A82 /* LaunchScreen.storyboard */; };
		AF905CA51ECF08CE004C2A82 /* pig.png in Resources */ = {isa = PBXBuildFile; fileRef = AF905CA41ECF08CE004C2A82 /* pig.png */; };
/* End PBXBuildFile section */

/* Begin PBXFileReference section */
		AF905C8A1ECF06D5004C2A82 /* Bouncing Circles.app */ = {isa = PBXFileReference; explicitFileType = wrapper.application; includeInIndex = 0; path = "Bouncing Circles.app"; sourceTree = BUILT_PRODUCTS_DIR; };
		AF905C8E1ECF06D5004C2A82 /* main.m */ = {isa = PBXFileReference; lastKnownFileType = sourcecode.c.objc; path = main.m; sourceTree = "<group>"; };
		AF905C901ECF06D5004C2A82 /* AppDelegate.h */ = {isa = PBXFileReference; lastKnownFileType = sourcecode.c.h; path = AppDelegate.h; sourceTree = "<group>"; };
		AF905C911ECF06D5004C2A82 /* AppDelegate.m */ = {isa = PBXFileReference; lastKnownFileType = sourcecode.c.objc; path = AppDelegate.m; sourceTree = "<group>"; };
		AF905C931ECF06D5004C2A82 /* ViewController.h */ = {isa = PBXFileReference; lastKnownFileType = sourcecode.c.h; path = ViewController.h; sourceTree = "<group>"; };
		AF905C941ECF06D5004C2A82 /* ViewController.m */ = {isa = PBXFileReference; lastKnownFileType = sourcecode.c.objc; path = ViewController.m; sourceTree = "<group>"; };
		AF905C971ECF06D5004C2A82 /* Base */ = {isa = PBXFileReference; lastKnownFileType = file.storyboard; name = Base; path = Base.lproj/Main.storyboard; sourceTree = "<group>"; };
		AF905C991ECF06D5004C2A82 /* Assets.xcassets */ = {isa = PBXFileReference; lastKnownFileType = folder.assetcatalog; path = Assets.xcassets; sourceTree = "<group>"; };
		AF905C9C1ECF06D5004C2A82 /* Base */ = {isa = PBXFileReference; lastKnownFileType = file.storyboard; name = Base; path = Base.lproj/LaunchScreen.storyboard; sourceTree = "<group>"; };
		AF905C9E1ECF06D5004C2A82 /* Info.plist */ = {isa = PBXFileReference; lastKnownFileType = text.plist.xml; path = Info.plist; sourceTree = "<group>"; };
		AF905CA41ECF08CE004C2A82 /* pig.png */ = {isa = PBXFileReference; lastKnownFileType = image.png; name = pig.png; path = ../../pig.png; sourceTree = "<group>"; };
/* End PBXFileReference section */

/* Begin PBXFrameworksBuildPhase section */
		AF905C871ECF06D5004C2A82 /* Frameworks */ = {
			isa = PBXFrameworksBuildPhase;
			buildActionMask = 2147483647;
			files = (
			);
			runOnlyForDeploymentPostprocessing = 0;
		};
/* End PBXFrameworksBuildPhase section */

/* Begin PBXGroup section */
		AF905C811ECF06D5004C2A82 = {
			isa = PBXGroup;
			children = (
				AF905C8C1ECF06D5004C2A82 /* Bouncing Circles */,
				AF905C8B1ECF06D5004C2A82 /* Products */,
			);
			sourceTree = "<group>";
		};
		AF905C8B1ECF06D5004C2A82 /* Products */ = {
			isa = PBXGroup;
			children = (
				AF905C8A1ECF06D5004C2A82 /* Bouncing Circles.app */,
			);
			name = Products;
			sourceTree = "<group>";
		};
		AF905C8C1ECF06D5004C2A82 /* Bouncing Circles */ = {
			isa = PBXGroup;
			children = (
				AF905CA41ECF08CE004C2A82 /* pig.png */,
				AF905C901ECF06D5004C2A82 /* AppDelegate.h */,
				AF905C911ECF06D5004C2A82 /* AppDelegate.m */,
				AF905C931ECF06D5004C2A82 /* ViewController.h */,
				AF905C941ECF06D5004C2A82 /* ViewController.m */,
				AF905C961ECF06D5004C2A82 /* Main.storyboard */,
				AF905C991ECF06D5004C2A82 /* Assets.xcassets */,
				AF905C9B1ECF06D5004C2A82 /* LaunchScreen.storyboard */,
				AF905C9E1ECF06D5004C2A82 /* Info.plist */,
				AF905C8D1ECF06D5004C2A82 /* Supporting Files */,
			);
			path = "Bouncing Circles";
			sourceTree = "<group>";
		};
		AF905C8D1ECF06D5004C2A82 /* Supporting Files */ = {
			isa = PBXGroup;
			children = (
				AF905C8E1ECF06D5004C2A82 /* main.m */,
			);
			name = "Supporting Files";
			sourceTree = "<group>";
		};
/* End PBXGroup section */

/* Begin PBXNativeTarget section */
		AF905C891ECF06D5004C2A82 /* Bouncing Circles */ = {
			isa = PBXNativeTarget;
			buildConfigurationList = AF905CA11ECF06D5004C2A82 /* Build configuration list for PBXNativeTarget "Bouncing Circles" */;
			buildPhases = (
				AF905C861ECF06D5004C2A82 /* Sources */,
				AF905C871ECF06D5004C2A82 /* Frameworks */,
				AF905C881ECF06D5004C2A82 /* Resources */,
			);
			buildRules = (
			);
			dependencies = (
			);
			name = "Bouncing Circles";
			productName = "Bouncing Circles";
			productReference = AF905C8A1ECF06D5004C2A82 /* Bouncing Circles.app */;
			productType = "com.apple.product-type.application";
		};
/* End PBXNativeTarget section */

/* Begin PBXProject section */
		AF905C821ECF06D5004C2A82 /* Project object */ = {
			isa = PBXProject;
			attributes = {
				LastUpgradeCheck = 0830;
				ORGANIZATIONNAME = Juda;
				TargetAttributes = {
					AF905C891ECF06D5004C2A82 = {
						CreatedOnToolsVersion = 8.3.2;
						ProvisioningStyle = Automatic;
					};
				};
			};
			buildConfigurationList = AF905C851ECF06D5004C2A82 /* Build configuration list for PBXProject "Bouncing Circles" */;
			compatibilityVersion = "Xcode 3.2";
			developmentRegion = English;
			hasScannedForEncodings = 0;
			knownRegions = (
				en,
				Base,
			);
			mainGroup = AF905C811ECF06D5004C2A82;
			productRefGroup = AF905C8B1ECF06D5004C2A82 /* Products */;
			projectDirPath = "";
			projectRoot = "";
			targets = (
				AF905C891ECF06D5004C2A82 /* Bouncing Circles */,
			);
		};
/* End PBXProject section */

/* Begin PBXResourcesBuildPhase section */
		AF905C881ECF06D5004C2A82 /* Resources */ = {
			isa = PBXResourcesBuildPhase;
			buildActionMask = 2147483647;
			files = (
				AF905C9D1ECF06D5004C2A82 /* LaunchScreen.storyboard in Resources */,
				AF905C9A1ECF06D5004C2A82 /* Assets.xcassets in Resources */,
				AF905CA51ECF08CE004C2A82 /* pig.png in Resources */,
				AF905C981ECF06D5004C2A82 /* Main.storyboard in Resources */,
			);
			runOnlyForDeploymentPostprocessing = 0;
		};
/* End PBXResourcesBuildPhase section */

/* Begin PBXSourcesBuildPhase section */
		AF905C861ECF06D5004C2A82 /* Sources */ = {
			isa = PBXSourcesBuildPhase;
			buildActionMask = 2147483647;
			files = (
				AF905C951ECF06D5004C2A82 /* ViewController.m in Sources */,
				AF905C921ECF06D5004C2A82 /* AppDelegate.m in Sources */,
				AF905C8F1ECF06D5004C2A82 /* main.m in Sources */,
			);
			runOnlyForDeploymentPostprocessing = 0;
		};
/* End PBXSourcesBuildPhase section */

/* Begin PBXVariantGroup section */
		AF905C961ECF06D5004C2A82 /* Main.storyboard */ = {
			isa = PBXVariantGroup;
			children = (
				AF905C971ECF06D5004C2A82 /* Base */,
			);
			name = Main.storyboard;
			sourceTree = "<group>";
		};
		AF905C9B1ECF06D5004C2A82 /* LaunchScreen.storyboard */ = {
			isa = PBXVariantGroup;
			children = (
				AF905C9C1ECF06D5004C2A82 /* Base */,
			);
			name = LaunchScreen.storyboard;
			sourceTree = "<group>";
		};
/* End PBXVariantGroup section */

/* Begin XCBuildConfiguration section */
		AF905C9F1ECF06D5004C2A82 /* Debug */ = {
			isa = XCBuildConfiguration;
			buildSettings = {
				ALWAYS_SEARCH_USER_PATHS = NO;
				CLANG_ANALYZER_NONNULL = YES;
				CLANG_ANALYZER_NUMBER_OBJECT_CONVERSION = YES_AGGRESSIVE;
				CLANG_CXX_LANGUAGE_STANDARD = "gnu++0x";
				CLANG_CXX_LIBRARY = "libc++";
				CLANG_ENABLE_MODULES = YES;
				CLANG_ENABLE_OBJC_ARC = YES;
				CLANG_WARN_BOOL_CONVERSION = YES;
				CLANG_WARN_CONSTANT_CONVERSION = YES;
				CLANG_WARN_DIRECT_OBJC_ISA_USAGE = YES_ERROR;
				CLANG_WARN_DOCUMENTATION_COMMENTS = YES;
				CLANG_WARN_EMPTY_BODY = YES;
				CLANG_WARN_ENUM_CONVERSION = YES;
				CLANG_WARN_INFINITE_RECURSION = YES;
				CLANG_WARN_INT_CONVERSION = YES;
				CLANG_WARN_OBJC_ROOT_CLASS = YES_ERROR;
				CLANG_WARN_SUSPICIOUS_MOVE = YES;
				CLANG_WARN_UNREACHABLE_CODE = YES;
				CLANG_WARN__DUPLICATE_METHOD_MATCH = YES;
				"CODE_SIGN_IDENTITY[sdk=iphoneos*]" = "iPhone Developer";
				COPY_PHASE_STRIP = NO;
				DEBUG_INFORMATION_FORMAT = dwarf;
				ENABLE_STRICT_OBJC_MSGSEND = YES;
				ENABLE_TESTABILITY = YES;
				GCC_C_LANGUAGE_STANDARD = gnu99;
				GCC_DYNAMIC_NO_PIC = NO;
				GCC_NO_COMMON_BLOCKS = YES;
				GCC_OPTIMIZATION_LEVEL = 0;
				GCC_PREPROCESSOR_DEFINITIONS = (
					"DEBUG=1",
					"$(inherited)",
				);
				GCC_WARN_64_TO_32_BIT_CONVERSION = YES;
				GCC_WARN_ABOUT_RETURN_TYPE = YES_ERROR;
				GCC_WARN_UNDECLARED_SELECTOR = YES;
				GCC_WARN_UNINITIALIZED_AUTOS = YES_AGGRESSIVE;
				GCC_WARN_UNUSED_FUNCTION = YES;
				GCC_WARN_UNUSED_VARIABLE = YES;
				IPHONEOS_DEPLOYMENT_TARGET = 10.3;
				MTL_ENABLE_DEBUG_INFO = YES;
				ONLY_ACTIVE_ARCH = YES;
				SDKROOT = iphoneos;
				TARGETED_DEVICE_FAMILY = "1,2";
			};
			name = Debug;
		};
		AF905CA01ECF06D5004C2A82 /* Release */ = {
			isa = XCBuildConfiguration;
			buildSettings = {
				ALWAYS_SEARCH_USER_PATHS = NO;
				CLANG_ANALYZER_NONNULL = YES;
				CLANG_ANALYZER_NUMBER_OBJECT_CONVERSION = YES_AGGRESSIVE;
				CLANG_CXX_LANGUAGE_STANDARD = "gnu++0x";
				CLANG_CXX_LIBRARY = "libc++";
				CLANG_ENABLE_MODULES = YES;
				CLANG_ENABLE_OBJC_ARC = YES;
				CLANG_WARN_BOOL_CONVERSION = YES;
				CLANG_WARN_CONSTANT_CONVERSION = YES;
				CLANG_WARN_DIRECT_OBJC_ISA_USAGE = YES_ERROR;
				CLANG_WARN_DOCUMENTATION_COMMENTS = YES;
				CLANG_WARN_EMPTY_BODY = YES;
				CLANG_WARN_ENUM_CONVERSION = YES;
				CLANG_WARN_INFINITE_RECURSION = YES;
				CLANG_WARN_INT_CONVERSION = YES;
				CLANG_WARN_OBJC_ROOT_CLASS = YES_ERROR;
				CLANG_WARN_SUSPICIOUS_MOVE = YES;
				CLANG_WARN_UNREACHABLE_CODE = YES;
				CLANG_WARN__DUPLICATE_METHOD_MATCH = YES;
				"CODE_SIGN_IDENTITY[sdk=iphoneos*]" = "iPhone Developer";
				COPY_PHASE_STRIP = NO;
				DEBUG_INFORMATION_FORMAT = "dwarf-with-dsym";
				ENABLE_NS_ASSERTIONS = NO;
				ENABLE_STRICT_OBJC_MSGSEND = YES;
				GCC_C_LANGUAGE_STANDARD = gnu99;
				GCC_NO_COMMON_BLOCKS = YES;
				GCC_WARN_64_TO_32_BIT_CONVERSION = YES;
				GCC_WARN_ABOUT_RETURN_TYPE = YES_ERROR;
				GCC_WARN_UNDECLARED_SELECTOR = YES;
				GCC_WARN_UNINITIALIZED_AUTOS = YES_AGGRESSIVE;
				GCC_WARN_UNUSED_FUNCTION = YES;
				GCC_WARN_UNUSED_VARIABLE = YES;
				IPHONEOS_DEPLOYMENT_TARGET = 10.3;
				MTL_ENABLE_DEBUG_INFO = NO;
				SDKROOT = iphoneos;
				TARGETED_DEVICE_FAMILY = "1,2";
				VALIDATE_PRODUCT = YES;
			};
			name = Release;
		};
		AF905CA21ECF06D5004C2A82 /* Debug */ = {
			isa = XCBuildConfiguration;
			buildSettings = {
				ASSETCATALOG_COMPILER_APPICON_NAME = AppIcon;
				INFOPLIST_FILE = "Bouncing Circles/Info.plist";
				LD_RUNPATH_SEARCH_PATHS = "$(inherited) @executable_path/Frameworks";
				PRODUCT_BUNDLE_IDENTIFIER = "Juda.Bouncing-Circles";
				PRODUCT_NAME = "$(TARGET_NAME)";
			};
			name = Debug;
		};
		AF905CA31ECF06D5004C2A82 /* Release */ = {
			isa = XCBuildConfiguration;
			buildSettings = {
				ASSETCATALOG_COMPILER_APPICON_NAME = AppIcon;
				INFOPLIST_FILE = "Bouncing Circles/Info.plist";
				LD_RUNPATH_SEARCH_PATHS = "$(inherited) @executable_path/Frameworks";
				PRODUCT_BUNDLE_IDENTIFIER = "Juda.Bouncing-Circles";
				PRODUCT_NAME = "$(TARGET_NAME)";
			};
			name = Release;
		};
/* End XCBuildConfiguration section */

/* Begin XCConfigurationList section */
		AF905C851ECF06D5004C2A82 /* Build configuration list for PBXProject "Bouncing Circles" */ = {
			isa = XCConfigurationList;
			buildConfigurations = (
				AF905C9F1ECF06D5004C2A82 /* Debug */,
				AF905CA01ECF06D5004C2A82 /* Release */,
			);
			defaultConfigurationIsVisible = 0;
			defaultConfigurationName = Release;
		};
		AF905CA11ECF06D5004C2A82 /* Build configuration list for PBXNativeTarget "Bouncing Circles" */ = {
			isa = XCConfigurationList;
			buildConfigurations = (
				AF905CA21ECF06D5004C2A82 /* Debug */,
				AF905CA31ECF06D5004C2A82 /* Release */,
			);
			defaultConfigurationIsVisible = 0;
		};
/* End XCConfigurationList section */
	};
	rootObject = AF905C821ECF06D5004C2A82 /* Project object */;
}
